
Microsoft Visual Studio Solution File, Format Version 12.00
# Visual Studio 2013
VisualStudioVersion = 12.0.31101.0
MinimumVisualStudioVersion = 10.0.40219.1
Project("{FAE04EC0-301F-11D3-BF4B-00C04F79EFBC}") = "Bing_Search", "Bing_Search\Bing_Search.csproj", "{DCBE037C-FA89-4791-8B05-C089B6856321}"
EndProject
Project("{FAE04EC0-301F-11D3-BF4B-00C04F79EFBC}") = "Bing_Pic", "Bing_Pic\Bing_Pic.csproj", "{7C99C3EF-C35B-4B71-BB26-83A7C1EB19A3}"
EndProject
Project("{FAE04EC0-301F-11D3-BF4B-00C04F79EFBC}") = "SE@RCH", "SE@RCH\SE@RCH.csproj", "{2F68CDD6-3851-4D0F-A4D0-02AE592BBADF}"
EndProject
Global
	GlobalSection(SolutionConfigurationPlatforms) = preSolution
		all|Any CPU = all|Any CPU
		all|ARM = all|ARM
		all|x64 = all|x64
		all|x86 = all|x86
		Debug|Any CPU = Debug|Any CPU
		Debug|ARM = Debug|ARM
		Debug|x64 = Debug|x64
		Debug|x86 = Debug|x86
		Release|Any CPU = Release|Any CPU
		Release|ARM = Release|ARM
		Release|x64 = Release|x64
		Release|x86 = Release|x86
	EndGlobalSection
	GlobalSection(ProjectConfigurationPlatforms) = postSolution
		{DCBE037C-FA89-4791-8B05-C089B6856321}.all|Any CPU.ActiveCfg = all|Any CPU
		{DCBE037C-FA89-4791-8B05-C089B6856321}.all|Any CPU.Build.0 = all|Any CPU
		{DCBE037C-FA89-4791-8B05-C089B6856321}.all|Any CPU.Deploy.0 = all|Any CPU
		{DCBE037C-FA89-4791-8B05-C089B6856321}.all|ARM.ActiveCfg = all|ARM
		{DCBE037C-FA89-4791-8B05-C089B6856321}.all|ARM.Build.0 = all|ARM
		{DCBE037C-FA89-4791-8B05-C089B6856321}.all|ARM.Deploy.0 = all|ARM
		{DCBE037C-FA89-4791-8B05-C089B6856321}.all|x64.ActiveCfg = all|Any CPU
		{DCBE037C-FA89-4791-8B05-C089B6856321}.all|x86.ActiveCfg = all|x86
		{DCBE037C-FA89-4791-8B05-C089B6856321}.all|x86.Build.0 = all|x86
		{DCBE037C-FA89-4791-8B05-C089B6856321}.all|x86.Deploy.0 = all|x86
		{DCBE037C-FA89-4791-8B05-C089B6856321}.Debug|Any CPU.ActiveCfg = Debug|Any CPU
		{DCBE037C-FA89-4791-8B05-C089B6856321}.Debug|Any CPU.Build.0 = Debug|Any CPU
		{DCBE037C-FA89-4791-8B05-C089B6856321}.Debug|Any CPU.Deploy.0 = Debug|Any CPU
		{DCBE037C-FA89-4791-8B05-C089B6856321}.Debug|ARM.ActiveCfg = Debug|ARM
		{DCBE037C-FA89-4791-8B05-C089B6856321}.Debug|ARM.Build.0 = Debug|ARM
		{DCBE037C-FA89-4791-8B05-C089B6856321}.Debug|ARM.Deploy.0 = Debug|ARM
		{DCBE037C-FA89-4791-8B05-C089B6856321}.Debug|x64.ActiveCfg = Debug|Any CPU
		{DCBE037C-FA89-4791-8B05-C089B6856321}.Debug|x86.ActiveCfg = Debug|x86
		{DCBE037C-FA89-4791-8B05-C089B6856321}.Debug|x86.Build.0 = Debug|x86
		{DCBE037C-FA89-4791-8B05-C089B6856321}.Debug|x86.Deploy.0 = Debug|x86
		{DCBE037C-FA89-4791-8B05-C089B6856321}.Release|Any CPU.ActiveCfg = Release|Any CPU
		{DCBE037C-FA89-4791-8B05-C089B6856321}.Release|Any CPU.Build.0 = Release|Any CPU
		{DCBE037C-FA89-4791-8B05-C089B6856321}.Release|Any CPU.Deploy.0 = Release|Any CPU
		{DCBE037C-FA89-4791-8B05-C089B6856321}.Release|ARM.ActiveCfg = Release|ARM
		{DCBE037C-FA89-4791-8B05-C089B6856321}.Release|ARM.Build.0 = Release|ARM
		{DCBE037C-FA89-4791-8B05-C089B6856321}.Release|ARM.Deploy.0 = Release|ARM
		{DCBE037C-FA89-4791-8B05-C089B6856321}.Release|x64.ActiveCfg = Release|Any CPU
		{DCBE037C-FA89-4791-8B05-C089B6856321}.Release|x86.ActiveCfg = Release|x86
		{DCBE037C-FA89-4791-8B05-C089B6856321}.Release|x86.Build.0 = Release|x86
		{DCBE037C-FA89-4791-8B05-C089B6856321}.Release|x86.Deploy.0 = Release|x86
		{7C99C3EF-C35B-4B71-BB26-83A7C1EB19A3}.all|Any CPU.ActiveCfg = Release|Any CPU
		{7C99C3EF-C35B-4B71-BB26-83A7C1EB19A3}.all|Any CPU.Build.0 = Release|Any CPU
		{7C99C3EF-C35B-4B71-BB26-83A7C1EB19A3}.all|Any CPU.Deploy.0 = Release|Any CPU
		{7C99C3EF-C35B-4B71-BB26-83A7C1EB19A3}.all|ARM.ActiveCfg = Release|ARM
		{7C99C3EF-C35B-4B71-BB26-83A7C1EB19A3}.all|ARM.Build.0 = Release|ARM
		{7C99C3EF-C35B-4B71-BB26-83A7C1EB19A3}.all|ARM.Deploy.0 = Release|ARM
		{7C99C3EF-C35B-4B71-BB26-83A7C1EB19A3}.all|x64.ActiveCfg = Release|Any CPU
		{7C99C3EF-C35B-4B71-BB26-83A7C1EB19A3}.all|x86.ActiveCfg = Release|x86
		{7C99C3EF-C35B-4B71-BB26-83A7C1EB19A3}.all|x86.Build.0 = Release|x86
		{7C99C3EF-C35B-4B71-BB26-83A7C1EB19A3}.all|x86.Deploy.0 = Release|x86
		{7C99C3EF-C35B-4B71-BB26-83A7C1EB19A3}.Debug|Any CPU.ActiveCfg = Debug|Any CPU
		{7C99C3EF-C35B-4B71-BB26-83A7C1EB19A3}.Debug|Any CPU.Build.0 = Debug|Any CPU
		{7C99C3EF-C35B-4B71-BB26-83A7C1EB19A3}.Debug|Any CPU.Deploy.0 = Debug|Any CPU
		{7C99C3EF-C35B-4B71-BB26-83A7C1EB19A3}.Debug|ARM.ActiveCfg = Debug|ARM
		{7C99C3EF-C35B-4B71-BB26-83A7C1EB19A3}.Debug|ARM.Build.0 = Debug|ARM
		{7C99C3EF-C35B-4B71-BB26-83A7C1EB19A3}.Debug|ARM.Deploy.0 = Debug|ARM
		{7C99C3EF-C35B-4B71-BB26-83A7C1EB19A3}.Debug|x64.ActiveCfg = Debug|Any CPU
		{7C99C3EF-C35B-4B71-BB26-83A7C1EB19A3}.Debug|x86.ActiveCfg = Debug|x86
		{7C99C3EF-C35B-4B71-BB26-83A7C1EB19A3}.Debug|x86.Build.0 = Debug|x86
		{7C99C3EF-C35B-4B71-BB26-83A7C1EB19A3}.Debug|x86.Deploy.0 = Debug|x86
		{7C99C3EF-C35B-4B71-BB26-83A7C1EB19A3}.Release|Any CPU.ActiveCfg = Release|Any CPU
		{7C99C3EF-C35B-4B71-BB26-83A7C1EB19A3}.Release|Any CPU.Build.0 = Release|Any CPU
		{7C99C3EF-C35B-4B71-BB26-83A7C1EB19A3}.Release|Any CPU.Deploy.0 = Release|Any CPU
		{7C99C3EF-C35B-4B71-BB26-83A7C1EB19A3}.Release|ARM.ActiveCfg = Release|ARM
		{7C99C3EF-C35B-4B71-BB26-83A7C1EB19A3}.Release|ARM.Build.0 = Release|ARM
		{7C99C3EF-C35B-4B71-BB26-83A7C1EB19A3}.Release|ARM.Deploy.0 = Release|ARM
		{7C99C3EF-C35B-4B71-BB26-83A7C1EB19A3}.Release|x64.ActiveCfg = Release|Any CPU
		{7C99C3EF-C35B-4B71-BB26-83A7C1EB19A3}.Release|x86.ActiveCfg = Release|x86
		{7C99C3EF-C35B-4B71-BB26-83A7C1EB19A3}.Release|x86.Build.0 = Release|x86
		{7C99C3EF-C35B-4B71-BB26-83A7C1EB19A3}.Release|x86.Deploy.0 = Release|x86
		{2F68CDD6-3851-4D0F-A4D0-02AE592BBADF}.all|Any CPU.ActiveCfg = Release|Any CPU
		{2F68CDD6-3851-4D0F-A4D0-02AE592BBADF}.all|Any CPU.Build.0 = Release|Any CPU
		{2F68CDD6-3851-4D0F-A4D0-02AE592BBADF}.all|Any CPU.Deploy.0 = Release|Any CPU
		{2F68CDD6-3851-4D0F-A4D0-02AE592BBADF}.all|ARM.ActiveCfg = Release|ARM
		{2F68CDD6-3851-4D0F-A4D0-02AE592BBADF}.all|ARM.Build.0 = Release|ARM
		{2F68CDD6-3851-4D0F-A4D0-02AE592BBADF}.all|ARM.Deploy.0 = Release|ARM
		{2F68CDD6-3851-4D0F-A4D0-02AE592BBADF}.all|x64.ActiveCfg = Release|Any CPU
		{2F68CDD6-3851-4D0F-A4D0-02AE592BBADF}.all|x86.ActiveCfg = Release|x86
		{2F68CDD6-3851-4D0F-A4D0-02AE592BBADF}.all|x86.Build.0 = Release|x86
		{2F68CDD6-3851-4D0F-A4D0-02AE592BBADF}.all|x86.Deploy.0 = Release|x86
		{2F68CDD6-3851-4D0F-A4D0-02AE592BBADF}.Debug|Any CPU.ActiveCfg = Debug|Any CPU
		{2F68CDD6-3851-4D0F-A4D0-02AE592BBADF}.Debug|Any CPU.Build.0 = Debug|Any CPU
		{2F68CDD6-3851-4D0F-A4D0-02AE592BBADF}.Debug|Any CPU.Deploy.0 = Debug|Any CPU
		{2F68CDD6-3851-4D0F-A4D0-02AE592BBADF}.Debug|ARM.ActiveCfg = Debug|ARM
		{2F68CDD6-3851-4D0F-A4D0-02AE592BBADF}.Debug|ARM.Build.0 = Debug|ARM
		{2F68CDD6-3851-4D0F-A4D0-02AE592BBADF}.Debug|ARM.Deploy.0 = Debug|ARM
		{2F68CDD6-3851-4D0F-A4D0-02AE592BBADF}.Debug|x64.ActiveCfg = Debug|Any CPU
		{2F68CDD6-3851-4D0F-A4D0-02AE592BBADF}.Debug|x86.ActiveCfg = Debug|x86
		{2F68CDD6-3851-4D0F-A4D0-02AE592BBADF}.Debug|x86.Build.0 = Debug|x86
		{2F68CDD6-3851-4D0F-A4D0-02AE592BBADF}.Debug|x86.Deploy.0 = Debug|x86
		{2F68CDD6-3851-4D0F-A4D0-02AE592BBADF}.Release|Any CPU.ActiveCfg = Release|Any CPU
		{2F68CDD6-3851-4D0F-A4D0-02AE592BBADF}.Release|Any CPU.Build.0 = Release|Any CPU
		{2F68CDD6-3851-4D0F-A4D0-02AE592BBADF}.Release|Any CPU.Deploy.0 = Release|Any CPU
		{2F68CDD6-3851-4D0F-A4D0-02AE592BBADF}.Release|ARM.ActiveCfg = Release|ARM
		{2F68CDD6-3851-4D0F-A4D0-02AE592BBADF}.Release|ARM.Build.0 = Release|ARM
		{2F68CDD6-3851-4D0F-A4D0-02AE592BBADF}.Release|ARM.Deploy.0 = Release|ARM
		{2F68CDD6-3851-4D0F-A4D0-02AE592BBADF}.Release|x64.ActiveCfg = Release|Any CPU
		{2F68CDD6-3851-4D0F-A4D0-02AE592BBADF}.Release|x86.ActiveCfg = Release|x86
		{2F68CDD6-3851-4D0F-A4D0-02AE592BBADF}.Release|x86.Build.0 = Release|x86
		{2F68CDD6-3851-4D0F-A4D0-02AE592BBADF}.Release|x86.Deploy.0 = Release|x86
	EndGlobalSection
	GlobalSection(SolutionProperties) = preSolution
		HideSolutionNode = FALSE
	EndGlobalSection
EndGlobal
